connectrpc.com/connect v1.19.1 h1:R5M57z05+90EfEvCY1b7hBxDVOUl45PrtXtAV2fOC14=
connectrpc.com/connect v1.19.1/go.mod h1:tN20fjdGlewnSFeZxLKb0xwIZ6ozc3OQs2hTXy4du9w=
connectrpc.com/grpchealth v1.4.0 h1:MJC96JLelARPgZTiRF9KRfY/2N9OcoQvF2EWX07v2IE=
connectrpc.com/grpchealth v1.4.0/go.mod h1:WhW6m1EzTmq3Ky1FE8EfkIpSDc6TfUx2M2KqZO3ts/Q=
github.com/civil-labs/civil-api-go v0.0.0-20260618200426-66eb38f6be74 h1:9u7evYNbIhgpxGpt5x1BaDIfqUTnhnlSC6Mtank4+S4=
github.com/civil-labs/civil-api-go v0.0.0-20260618200426-66eb38f6be74/go.mod h1:6rNa9Fgk6fNFI7xFuf09C0jKHWzYw8J7xGXKYNICQQs=
github.com/civil-labs/civil-api-go v0.0.0-20260619191545-a7df4693042a h1:pxvMb5KgwGvMLweSMK8t7gDnRZcqKq+D73vvt0oSV/o=
github.com/civil-labs/civil-api-go v0.0.0-20260619191545-a7df4693042a/go.mod h1:6rNa9Fgk6fNFI7xFuf09C0jKHWzYw8J7xGXKYNICQQs=
github.com/civil-labs/civil-api-go v0.0.0-20260621014531-0f6548d5cb02 h1:XXHfbXDwCZh0egc2VSPBThlkE4FDprE+50CcANoOsWw=
github.com/civil-labs/civil-api-go v0.0.0-20260621014531-0f6548d5cb02/go.mod h1:6rNa9Fgk6fNFI7xFuf09C0jKHWzYw8J7xGXKYNICQQs=
github.com/civil-labs/civil-api-go v0.0.0-20260621020533-aa10e094418f h1:afI3GTBZbfD7mLEw3ZrjdlO4K5qflvrU4DkdKLbTpWs=
github.com/civil-labs/civil-api-go v0.0.0-20260621020533-aa10e094418f/go.mod h1:6rNa9Fgk6fNFI7xFuf09C0jKHWzYw8J7xGXKYNICQQs=
github.com/civil-labs/civil-api-go v0.0.0-20260621025525-ed9d4fa58a60 h1:wMHtQk6lIUasTq2uWXVicflVVi6D9US6uDGCCliHXXc=
github.com/civil-labs/civil-api-go v0.0.0-20260621025525-ed9d4fa58a60/go.mod h1:6rNa9Fgk6fNFI7xFuf09C0jKHWzYw8J7xGXKYNICQQs=
github.com/civil-labs/civil-api-go v0.0.0-20260621030501-b1a77a6d9e79 h1:xzMwMvlKwGEQKf1PlxBcegwxfT2Arifui7NVWmMq5+E=
github.com/civil-labs/civil-api-go v0.0.0-20260621030501-b1a77a6d9e79/go.mod h1:6rNa9Fgk6fNFI7xFuf09C0jKHWzYw8J7xGXKYNICQQs=
github.com/civil-labs/civil-api-go v0.0.0-20260625125022-195f6a9b38b8 h1:7uwcK20mc9MHXrtEgZVJATuDjWyIzl+gvz6DLUeMsgY=
github.com/civil-labs/civil-api-go v0.0.0-20260625125022-195f6a9b38b8/go.mod h1:6rNa9Fgk6fNFI7xFuf09C0jKHWzYw8J7xGXKYNICQQs=
github.com/civil-labs/civil-api-go v0.0.0-20260625163220-86533956f59b h1:NBSpFu6+fJs10PWGM896ojsRVjjVt6eel7W+8WI/TL4=
github.com/civil-labs/civil-api-go v0.0.0-20260625163220-86533956f59b/go.mod h1:6rNa9Fgk6fNFI7xFuf09C0jKHWzYw8J7xGXKYNICQQs=
github.com/civil-labs/civil-api-go v0.0.0-20260625174333-5d2300a66473 h1:D0KI1ZmLsfu2P2QzmactHVWVCjSNN9iZW5gGiTzxiYM=
github.com/civil-labs/civil-api-go v0.0.0-20260625174333-5d2300a66473/go.mod h1:6rNa9Fgk6fNFI7xFuf09C0jKHWzYw8J7xGXKYNICQQs=
github.com/civil-labs/civil-api-go v0.0.0-20260626003708-29270e9d6cee h1:MiMsdFxOV2TfZ8E3Dwt+dN/HQYDz3C9yRqiiq76StOE=
github.com/civil-labs/civil-api-go v0.0.0-20260626003708-29270e9d6cee/go.mod h1:6rNa9Fgk6fNFI7xFuf09C0jKHWzYw8J7xGXKYNICQQs=
github.com/civil-labs/civil-api-go v0.0.0-20260627191444-7b8da7cab89a h1:iFqAmmBikP10aToMqz70OKZ/xp0vZiw0uJhpHwnTcr8=
github.com/civil-labs/civil-api-go v0.0.0-20260627191444-7b8da7cab89a/go.mod h1:6rNa9Fgk6fNFI7xFuf09C0jKHWzYw8J7xGXKYNICQQs=
github.com/civil-labs/civil-api-go v0.0.0-20260630192943-21cc6d025c94 h1:QCeZoMz1AGGUtSMr3CUdOG6BX9dU1txyJkTEL2N3L0w=
github.com/civil-labs/civil-api-go v0.0.0-20260630192943-21cc6d025c94/go.mod h1:6rNa9Fgk6fNFI7xFuf09C0jKHWzYw8J7xGXKYNICQQs=
github.com/civil-labs/civil-api-go v0.0.0-20260701191342-aeb7bfdf2a13 h1:hQuzllHVjeUv9nA5ecX1+a8ETNomcImQGpQGo4hgIdk=
github.com/civil-labs/civil-api-go v0.0.0-20260701191342-aeb7bfdf2a13/go.mod h1:6rNa9Fgk6fNFI7xFuf09C0jKHWzYw8J7xGXKYNICQQs=
github.com/civil-labs/civil-api-go v0.0.0-20260701194236-c2603ccefe0a h1:1jr9+Rqoi2U6+wE0WMDQhL0EJaXp9wq1rtMQxPBT7Dk=
github.com/civil-labs/civil-api-go v0.0.0-20260701194236-c2603ccefe0a/go.mod h1:6rNa9Fgk6fNFI7xFuf09C0jKHWzYw8J7xGXKYNICQQs=
github.com/davecgh/go-spew v1.1.0/go.mod h1:J7Y8YcW2NihsgmVo/mv3lAwl/skON4iLHjSsI+c5H38=
github.com/davecgh/go-spew v1.1.1 h1:vj9j/u1bqnvCEfJOwUhtlOARqs3+rkHYY13jYWTU97c=
github.com/davecgh/go-spew v1.1.1/go.mod h1:J7Y8YcW2NihsgmVo/mv3lAwl/skON4iLHjSsI+c5H38=
github.com/google/go-cmp v0.7.0 h1:wk8382ETsv4JYUZwIsn6YpYiWiBsYLSJiTsyBybVuN8=
github.com/google/go-cmp v0.7.0/go.mod h1:pXiqmnSA92OHEEa9HXL2W4E7lf9JzCmGVUdgjX3N/iU=
github.com/jackc/pgpassfile v1.0.0 h1:/6Hmqy13Ss2zCq62VdNG8tM1wchn8zjSGOBJ6icpsIM=
github.com/jackc/pgpassfile v1.0.0/go.mod h1:CEx0iS5ambNFdcRtxPj5JhEz+xB6uRky5eyVu/W2HEg=
github.com/jackc/pgservicefile v0.0.0-20240606120523-5a60cdf6a761 h1:iCEnooe7UlwOQYpKFhBabPMi4aNAfoODPEFNiAnClxo=
github.com/jackc/pgservicefile v0.0.0-20240606120523-5a60cdf6a761/go.mod h1:5TJZWKEWniPve33vlWYSoGYefn3gLQRzjfDlhSJ9ZKM=
github.com/jackc/pgx/v5 v5.9.1 h1:uwrxJXBnx76nyISkhr33kQLlUqjv7et7b9FjCen/tdc=
github.com/jackc/pgx/v5 v5.9.1/go.mod h1:mal1tBGAFfLHvZzaYh77YS/eC6IX9OWbRV1QIIM0Jn4=
github.com/jackc/puddle/v2 v2.2.2 h1:PR8nw+E/1w0GLuRFSmiioY6UooMp6KJv0/61nB7icHo=
github.com/jackc/puddle/v2 v2.2.2/go.mod h1:vriiEXHvEE654aYKXXjOvZM39qJ0q+azkZFrfEOc3H4=
github.com/pmezard/go-difflib v1.0.0 h1:4DBwDE0NGyQoBHbLQYPwSUPoCMWR5BEzIk/f1lZbAQM=
github.com/pmezard/go-difflib v1.0.0/go.mod h1:iKH77koFhYxTK1pcRnkKkqfTogsbg7gZNVY4sRDYZ/4=
github.com/stretchr/objx v0.1.0/go.mod h1:HFkY916IF+rwdDfMAkV7OtwuqBVzrE8GR6GFx+wExME=
github.com/stretchr/testify v1.3.0/go.mod h1:M5WIy9Dh21IEIfnGCwXGc5bZfKNJtfHm1UVUgZn+9EI=
github.com/stretchr/testify v1.7.0/go.mod h1:6Fq8oRcR53rry900zMqJjRRixrwX3KX962/h/Wwjteg=
github.com/stretchr/testify v1.11.1 h1:7s2iGBzp5EwR7/aIZr8ao5+dra3wiQyKjjFuvgVKu7U=
github.com/stretchr/testify v1.11.1/go.mod h1:wZwfW3scLgRK+23gO65QZefKpKQRnfz6sD981Nm4B6U=
golang.org/x/sync v0.20.0 h1:e0PTpb7pjO8GAtTs2dQ6jYa5BWYlMuX047Dco/pItO4=
golang.org/x/sync v0.20.0/go.mod h1:9xrNwdLfx4jkKbNva9FpL6vEN7evnE43NNNJQ2LF3+0=
golang.org/x/text v0.37.0 h1:Cqjiwd9eSg8e0QAkyCaQTNHFIIzWtidPahFWR83rTrc=
golang.org/x/text v0.37.0/go.mod h1:a5sjxXGs9hsn/AJVwuElvCAo9v8QYLzvavO5z2PiM38=
google.golang.org/genproto v0.0.0-20260618152121-87f3d3e198d3 h1:QS9ra9U3VDDJzRX51Drz8usQSC4ACEcrDOdcoNafSnA=
google.golang.org/genproto v0.0.0-20260618152121-87f3d3e198d3/go.mod h1:V5M1lxGXNUICs0aOqAMsK6HtmLnCyuzY031uOQS9rJE=
google.golang.org/protobuf v1.36.11 h1:fV6ZwhNocDyBLK0dj+fg8ektcVegBBuEolpbTQyBNVE=
google.golang.org/protobuf v1.36.11/go.mod h1:HTf+CrKn2C3g5S8VImy6tdcUvCska2kB7j23XfzDpco=
gopkg.in/check.v1 v0.0.0-20161208181325-20d25e280405/go.mod h1:Co6ibVJAznAaIkqp8huTwlJQCZ016jof/cbN4VW5Yz0=
gopkg.in/yaml.v3 v3.0.0-20200313102051-9f266ea9e77c/go.mod h1:K4uyk7z7BCEPqu6E+C64Yfv1cQ7kz7rIZviUmN+EgEM=
gopkg.in/yaml.v3 v3.0.1 h1:fxVm/GzAzEWqLHuvctI91KS9hhNmmWOoWu0XTYJS7CA=
gopkg.in/yaml.v3 v3.0.1/go.mod h1:K4uyk7z7BCEPqu6E+C64Yfv1cQ7kz7rIZviUmN+EgEM=
